// !$*UTF8*$!
{
	archiveVersion = 1;
	classes = {
	};
	objectVersion = 46;
	objects = {

/* Begin PBXBuildFile section */
		A5B7BA5A156CB20F00B7422F /* Foundation.framework in Frameworks */ = {isa = PBXBuildFile; fileRef = A5B7BA59156CB20F00B7422F /* Foundation.framework */; };
		A5B7BA5C156CB20F00B7422F /* UIKit.framework in Frameworks */ = {isa = PBXBuildFile; fileRef = A5B7BA5B156CB20F00B7422F /* UIKit.framework */; };
		A5B7BA5E156CB20F00B7422F /* CoreGraphics.framework in Frameworks */ = {isa = PBXBuildFile; fileRef = A5B7BA5D156CB20F00B7422F /* CoreGraphics.framework */; };
		A5B7BA60156CB20F00B7422F /* AddressBook.framework in Frameworks */ = {isa = PBXBuildFile; fileRef = A5B7BA5F156CB20F00B7422F /* AddressBook.framework */; };
		A5B7BA62156CB20F00B7422F /* AddressBookUI.framework in Frameworks */ = {isa = PBXBuildFile; fileRef = A5B7BA61156CB20F00B7422F /* AddressBookUI.framework */; };
		A5B7BA64156CB20F00B7422F /* AudioToolbox.framework in Frameworks */ = {isa = PBXBuildFile; fileRef = A5B7BA63156CB20F00B7422F /* AudioToolbox.framework */; };
		A5B7BA66156CB20F00B7422F /* AVFoundation.framework in Frameworks */ = {isa = PBXBuildFile; fileRef = A5B7BA65156CB20F00B7422F /* AVFoundation.framework */; };
		A5B7BA68156CB20F00B7422F /* CoreLocation.framework in Frameworks */ = {isa = PBXBuildFile; fileRef = A5B7BA67156CB20F00B7422F /* CoreLocation.framework */; };
		A5B7BA6A156CB20F00B7422F /* MediaPlayer.framework in Frameworks */ = {isa = PBXBuildFile; fileRef = A5B7BA69156CB20F00B7422F /* MediaPlayer.framework */; };
		A5B7BA6C156CB20F00B7422F /* QuartzCore.framework in Frameworks */ = {isa = PBXBuildFile; fileRef = A5B7BA6B156CB20F00B7422F /* QuartzCore.framework */; };
		A5B7BA6E156CB20F00B7422F /* SystemConfiguration.framework in Frameworks */ = {isa = PBXBuildFile; fileRef = A5B7BA6D156CB20F00B7422F /* SystemConfiguration.framework */; };
		A5B7BA70156CB20F00B7422F /* MobileCoreServices.framework in Frameworks */ = {isa = PBXBuildFile; fileRef = A5B7BA6F156CB20F00B7422F /* MobileCoreServices.framework */; };
		A5B7BA72156CB20F00B7422F /* CoreMedia.framework in Frameworks */ = {isa = PBXBuildFile; fileRef = A5B7BA71156CB20F00B7422F /* CoreMedia.framework */; };
		A5B7BA78156CB20F00B7422F /* InfoPlist.strings in Resources */ = {isa = PBXBuildFile; fileRef = A5B7BA76156CB20F00B7422F /* InfoPlist.strings */; };
		A5B7BA7A156CB20F00B7422F /* main.m in Sources */ = {isa = PBXBuildFile; fileRef = A5B7BA79156CB20F00B7422F /* main.m */; };
		A5B7BA7D156CB20F00B7422F /* Cordova.framework in Frameworks */ = {isa = PBXBuildFile; fileRef = A5B7BA7C156CB20F00B7422F /* Cordova.framework */; };
		A5B7BA82156CB20F00B7422F /* Localizable.strings in Resources */ = {isa = PBXBuildFile; fileRef = A5B7BA80156CB20F00B7422F /* Localizable.strings */; };
		A5B7BA86156CB20F00B7422F /* Localizable.strings in Resources */ = {isa = PBXBuildFile; fileRef = A5B7BA84156CB20F00B7422F /* Localizable.strings */; };
		A5B7BA8A156CB20F00B7422F /* Localizable.strings in Resources */ = {isa = PBXBuildFile; fileRef = A5B7BA88156CB20F00B7422F /* Localizable.strings */; };
		A5B7BA8E156CB20F00B7422F /* Localizable.strings in Resources */ = {isa = PBXBuildFile; fileRef = A5B7BA8C156CB20F00B7422F /* Localizable.strings */; };
		A5B7BA91156CB20F00B7422F /* icon.png in Resources */ = {isa = PBXBuildFile; fileRef = A5B7BA90156CB20F00B7422F /* icon.png */; };
		A5B7BA93156CB20F00B7422F /* icon@2x.png in Resources */ = {isa = PBXBuildFile; fileRef = A5B7BA92156CB20F00B7422F /* icon@2x.png */; };
		A5B7BA95156CB20F00B7422F /* icon-72.png in Resources */ = {isa = PBXBuildFile; fileRef = A5B7BA94156CB20F00B7422F /* icon-72.png */; };
		A5B7BA98156CB20F00B7422F /* Default~iphone.png in Resources */ = {isa = PBXBuildFile; fileRef = A5B7BA97156CB20F00B7422F /* Default~iphone.png */; };
		A5B7BA9A156CB20F00B7422F /* Default@2x~iphone.png in Resources */ = {isa = PBXBuildFile; fileRef = A5B7BA99156CB20F00B7422F /* Default@2x~iphone.png */; };
		A5B7BA9C156CB20F00B7422F /* Capture.bundle in Resources */ = {isa = PBXBuildFile; fileRef = A5B7BA9B156CB20F00B7422F /* Capture.bundle */; };
		A5B7BA9E156CB20F00B7422F /* Cordova.plist in Resources */ = {isa = PBXBuildFile; fileRef = A5B7BA9D156CB20F00B7422F /* Cordova.plist */; };
		A5B7BAA2156CB20F00B7422F /* AppDelegate.m in Sources */ = {isa = PBXBuildFile; fileRef = A5B7BAA1156CB20F00B7422F /* AppDelegate.m */; };
		A5B7BAA5156CB20F00B7422F /* MainViewController.m in Sources */ = {isa = PBXBuildFile; fileRef = A5B7BAA4156CB20F00B7422F /* MainViewController.m */; };
		A5B7BAA7156CB20F00B7422F /* MainViewController.xib in Resources */ = {isa = PBXBuildFile; fileRef = A5B7BAA6156CB20F00B7422F /* MainViewController.xib */; };
		A5B7BAAB156CB20F00B7422F /* verify.sh in Resources */ = {isa = PBXBuildFile; fileRef = A5B7BAAA156CB20F00B7422F /* verify.sh */; };
/* End PBXBuildFile section */

/* Begin PBXFileReference section */
		A5B7BA55156CB20F00B7422F /* InfinitiAppV2.app */ = {isa = PBXFileReference; explicitFileType = wrapper.application; includeInIndex = 0; path = InfinitiAppV2.app; sourceTree = BUILT_PRODUCTS_DIR; };
		A5B7BA59156CB20F00B7422F /* Foundation.framework */ = {isa = PBXFileReference; lastKnownFileType = wrapper.framework; name = Foundation.framework; path = System/Library/Frameworks/Foundation.framework; sourceTree = SDKROOT; };
		A5B7BA5B156CB20F00B7422F /* UIKit.framework */ = {isa = PBXFileReference; lastKnownFileType = wrapper.framework; name = UIKit.framework; path = System/Library/Frameworks/UIKit.framework; sourceTree = SDKROOT; };
		A5B7BA5D156CB20F00B7422F /* CoreGraphics.framework */ = {isa = PBXFileReference; lastKnownFileType = wrapper.framework; name = CoreGraphics.framework; path = System/Library/Frameworks/CoreGraphics.framework; sourceTree = SDKROOT; };
		A5B7BA5F156CB20F00B7422F /* AddressBook.framework */ = {isa = PBXFileReference; lastKnownFileType = wrapper.framework; name = AddressBook.framework; path = System/Library/Frameworks/AddressBook.framework; sourceTree = SDKROOT; };
		A5B7BA61156CB20F00B7422F /* AddressBookUI.framework */ = {isa = PBXFileReference; lastKnownFileType = wrapper.framework; name = AddressBookUI.framework; path = System/Library/Frameworks/AddressBookUI.framework; sourceTree = SDKROOT; };
		A5B7BA63156CB20F00B7422F /* AudioToolbox.framework */ = {isa = PBXFileReference; lastKnownFileType = wrapper.framework; name = AudioToolbox.framework; path = System/Library/Frameworks/AudioToolbox.framework; sourceTree = SDKROOT; };
		A5B7BA65156CB20F00B7422F /* AVFoundation.framework */ = {isa = PBXFileReference; lastKnownFileType = wrapper.framework; name = AVFoundation.framework; path = System/Library/Frameworks/AVFoundation.framework; sourceTree = SDKROOT; };
		A5B7BA67156CB20F00B7422F /* CoreLocation.framework */ = {isa = PBXFileReference; lastKnownFileType = wrapper.framework; name = CoreLocation.framework; path = System/Library/Frameworks/CoreLocation.framework; sourceTree = SDKROOT; };
		A5B7BA69156CB20F00B7422F /* MediaPlayer.framework */ = {isa = PBXFileReference; lastKnownFileType = wrapper.framework; name = MediaPlayer.framework; path = System/Library/Frameworks/MediaPlayer.framework; sourceTree = SDKROOT; };
		A5B7BA6B156CB20F00B7422F /* QuartzCore.framework */ = {isa = PBXFileReference; lastKnownFileType = wrapper.framework; name = QuartzCore.framework; path = System/Library/Frameworks/QuartzCore.framework; sourceTree = SDKROOT; };
		A5B7BA6D156CB20F00B7422F /* SystemConfiguration.framework */ = {isa = PBXFileReference; lastKnownFileType = wrapper.framework; name = SystemConfiguration.framework; path = System/Library/Frameworks/SystemConfiguration.framework; sourceTree = SDKROOT; };
		A5B7BA6F156CB20F00B7422F /* MobileCoreServices.framework */ = {isa = PBXFileReference; lastKnownFileType = wrapper.framework; name = MobileCoreServices.framework; path = System/Library/Frameworks/MobileCoreServices.framework; sourceTree = SDKROOT; };
		A5B7BA71156CB20F00B7422F /* CoreMedia.framework */ = {isa = PBXFileReference; lastKnownFileType = wrapper.framework; name = CoreMedia.framework; path = System/Library/Frameworks/CoreMedia.framework; sourceTree = SDKROOT; };
		A5B7BA75156CB20F00B7422F /* InfinitiAppV2-Info.plist */ = {isa = PBXFileReference; lastKnownFileType = text.plist.xml; path = "InfinitiAppV2-Info.plist"; sourceTree = "<group>"; };
		A5B7BA77156CB20F00B7422F /* en */ = {isa = PBXFileReference; lastKnownFileType = text.plist.strings; name = en; path = en.lproj/InfoPlist.strings; sourceTree = "<group>"; };
		A5B7BA79156CB20F00B7422F /* main.m */ = {isa = PBXFileReference; lastKnownFileType = sourcecode.c.objc; path = main.m; sourceTree = "<group>"; };
		A5B7BA7B156CB20F00B7422F /* InfinitiAppV2-Prefix.pch */ = {isa = PBXFileReference; lastKnownFileType = sourcecode.c.h; path = "InfinitiAppV2-Prefix.pch"; sourceTree = "<group>"; };
		A5B7BA7C156CB20F00B7422F /* Cordova.framework */ = {isa = PBXFileReference; lastKnownFileType = wrapper.framework; name = Cordova.framework; path = /Users/Shared/Cordova/Frameworks/Cordova.framework; sourceTree = "<absolute>"; };
		A5B7BA81156CB20F00B7422F /* en */ = {isa = PBXFileReference; lastKnownFileType = text.plist.strings; name = en; path = Resources/en.lproj/Localizable.strings; sourceTree = "<group>"; };
		A5B7BA85156CB20F00B7422F /* es */ = {isa = PBXFileReference; lastKnownFileType = text.plist.strings; name = es; path = Resources/es.lproj/Localizable.strings; sourceTree = "<group>"; };
		A5B7BA89156CB20F00B7422F /* de */ = {isa = PBXFileReference; lastKnownFileType = text.plist.strings; name = de; path = Resources/de.lproj/Localizable.strings; sourceTree = "<group>"; };
		A5B7BA8D156CB20F00B7422F /* se */ = {isa = PBXFileReference; lastKnownFileType = text.plist.strings; name = se; path = Resources/se.lproj/Localizable.strings; sourceTree = "<group>"; };
		A5B7BA90156CB20F00B7422F /* icon.png */ = {isa = PBXFileReference; lastKnownFileType = image.png; name = icon.png; path = Resources/icons/icon.png; sourceTree = "<group>"; };
		A5B7BA92156CB20F00B7422F /* icon@2x.png */ = {isa = PBXFileReference; lastKnownFileType = image.png; name = "icon@2x.png"; path = "Resources/icons/icon@2x.png"; sourceTree = "<group>"; };
		A5B7BA94156CB20F00B7422F /* icon-72.png */ = {isa = PBXFileReference; lastKnownFileType = image.png; name = "icon-72.png"; path = "Resources/icons/icon-72.png"; sourceTree = "<group>"; };
		A5B7BA97156CB20F00B7422F /* Default~iphone.png */ = {isa = PBXFileReference; lastKnownFileType = image.png; name = "Default~iphone.png"; path = "Resources/splash/Default~iphone.png"; sourceTree = "<group>"; };
		A5B7BA99156CB20F00B7422F /* Default@2x~iphone.png */ = {isa = PBXFileReference; lastKnownFileType = image.png; name = "Default@2x~iphone.png"; path = "Resources/splash/Default@2x~iphone.png"; sourceTree = "<group>"; };
		A5B7BA9B156CB20F00B7422F /* Capture.bundle */ = {isa = PBXFileReference; lastKnownFileType = "wrapper.plug-in"; name = Capture.bundle; path = Resources/Capture.bundle; sourceTree = "<group>"; };
		A5B7BA9D156CB20F00B7422F /* Cordova.plist */ = {isa = PBXFileReference; lastKnownFileType = text.plist.xml; path = Cordova.plist; sourceTree = "<group>"; };
		A5B7BAA0156CB20F00B7422F /* AppDelegate.h */ = {isa = PBXFileReference; lastKnownFileType = sourcecode.c.h; name = AppDelegate.h; path = Classes/AppDelegate.h; sourceTree = "<group>"; };
		A5B7BAA1156CB20F00B7422F /* AppDelegate.m */ = {isa = PBXFileReference; lastKnownFileType = sourcecode.c.objc; name = AppDelegate.m; path = Classes/AppDelegate.m; sourceTree = "<group>"; };
		A5B7BAA3156CB20F00B7422F /* MainViewController.h */ = {isa = PBXFileReference; lastKnownFileType = sourcecode.c.h; name = MainViewController.h; path = Classes/MainViewController.h; sourceTree = "<group>"; };
		A5B7BAA4156CB20F00B7422F /* MainViewController.m */ = {isa = PBXFileReference; lastKnownFileType = sourcecode.c.objc; name = MainViewController.m; path = Classes/MainViewController.m; sourceTree = "<group>"; };
		A5B7BAA6156CB20F00B7422F /* MainViewController.xib */ = {isa = PBXFileReference; lastKnownFileType = file.xib; name = MainViewController.xib; path = Classes/MainViewController.xib; sourceTree = "<group>"; };
		A5B7BAA9156CB20F00B7422F /* README */ = {isa = PBXFileReference; lastKnownFileType = text; name = README; path = Plugins/README; sourceTree = "<group>"; };
		A5B7BAAA156CB20F00B7422F /* verify.sh */ = {isa = PBXFileReference; lastKnownFileType = text.script.sh; path = verify.sh; sourceTree = "<group>"; };
/* End PBXFileReference section */

/* Begin PBXFrameworksBuildPhase section */
		A5B7BA4F156CB20F00B7422F /* Frameworks */ = {
			isa = PBXFrameworksBuildPhase;
			buildActionMask = 2147483647;
			files = (
				A5B7BA5A156CB20F00B7422F /* Foundation.framework in Frameworks */,
				A5B7BA5C156CB20F00B7422F /* UIKit.framework in Frameworks */,
				A5B7BA5E156CB20F00B7422F /* CoreGraphics.framework in Frameworks */,
				A5B7BA60156CB20F00B7422F /* AddressBook.framework in Frameworks */,
				A5B7BA62156CB20F00B7422F /* AddressBookUI.framework in Frameworks */,
				A5B7BA64156CB20F00B7422F /* AudioToolbox.framework in Frameworks */,
				A5B7BA66156CB20F00B7422F /* AVFoundation.framework in Frameworks */,
				A5B7BA68156CB20F00B7422F /* CoreLocation.framework in Frameworks */,
				A5B7BA6A156CB20F00B7422F /* MediaPlayer.framework in Frameworks */,
				A5B7BA6C156CB20F00B7422F /* QuartzCore.framework in Frameworks */,
				A5B7BA6E156CB20F00B7422F /* SystemConfiguration.framework in Frameworks */,
				A5B7BA70156CB20F00B7422F /* MobileCoreServices.framework in Frameworks */,
				A5B7BA72156CB20F00B7422F /* CoreMedia.framework in Frameworks */,
				A5B7BA7D156CB20F00B7422F /* Cordova.framework in Frameworks */,
			);
			runOnlyForDeploymentPostprocessing = 0;
		};
		A5B7BA52156CB20F00B7422F /* Frameworks */ = {
			isa = PBXFrameworksBuildPhase;
			buildActionMask = 2147483647;
			files = (
			);
			runOnlyForDeploymentPostprocessing = 0;
		};
/* End PBXFrameworksBuildPhase section */

/* Begin PBXGroup section */
		A5B7BA47156CB20E00B7422F = {
			isa = PBXGroup;
			children = (
				A5B7BA73156CB20F00B7422F /* InfinitiAppV2 */,
				A5B7BA58156CB20F00B7422F /* Frameworks */,
				A5B7BA56156CB20F00B7422F /* Products */,
			);
			sourceTree = "<group>";
		};
		A5B7BA56156CB20F00B7422F /* Products */ = {
			isa = PBXGroup;
			children = (
				A5B7BA55156CB20F00B7422F /* InfinitiAppV2.app */,
			);
			name = Products;
			sourceTree = "<group>";
		};
		A5B7BA58156CB20F00B7422F /* Frameworks */ = {
			isa = PBXGroup;
			children = (
				A5B7BA59156CB20F00B7422F /* Foundation.framework */,
				A5B7BA5B156CB20F00B7422F /* UIKit.framework */,
				A5B7BA5D156CB20F00B7422F /* CoreGraphics.framework */,
				A5B7BA5F156CB20F00B7422F /* AddressBook.framework */,
				A5B7BA61156CB20F00B7422F /* AddressBookUI.framework */,
				A5B7BA63156CB20F00B7422F /* AudioToolbox.framework */,
				A5B7BA65156CB20F00B7422F /* AVFoundation.framework */,
				A5B7BA67156CB20F00B7422F /* CoreLocation.framework */,
				A5B7BA69156CB20F00B7422F /* MediaPlayer.framework */,
				A5B7BA6B156CB20F00B7422F /* QuartzCore.framework */,
				A5B7BA6D156CB20F00B7422F /* SystemConfiguration.framework */,
				A5B7BA6F156CB20F00B7422F /* MobileCoreServices.framework */,
				A5B7BA71156CB20F00B7422F /* CoreMedia.framework */,
			);
			name = Frameworks;
			sourceTree = "<group>";
		};
		A5B7BA73156CB20F00B7422F /* InfinitiAppV2 */ = {
			isa = PBXGroup;
			children = (
				A5B7BA7C156CB20F00B7422F /* Cordova.framework */,
				A5B7BA7E156CB20F00B7422F /* Resources */,
				A5B7BA9F156CB20F00B7422F /* Classes */,
				A5B7BAA8156CB20F00B7422F /* Plugins */,
				A5B7BA74156CB20F00B7422F /* Supporting Files */,
			);
			path = InfinitiAppV2;
			sourceTree = "<group>";
		};
		A5B7BA74156CB20F00B7422F /* Supporting Files */ = {
			isa = PBXGroup;
			children = (
				A5B7BA75156CB20F00B7422F /* InfinitiAppV2-Info.plist */,
				A5B7BA76156CB20F00B7422F /* InfoPlist.strings */,
				A5B7BA79156CB20F00B7422F /* main.m */,
				A5B7BA7B156CB20F00B7422F /* InfinitiAppV2-Prefix.pch */,
				A5B7BA9D156CB20F00B7422F /* Cordova.plist */,
				A5B7BAA6156CB20F00B7422F /* MainViewController.xib */,
				A5B7BAAA156CB20F00B7422F /* verify.sh */,
			);
			name = "Supporting Files";
			sourceTree = "<group>";
		};
		A5B7BA7E156CB20F00B7422F /* Resources */ = {
			isa = PBXGroup;
			children = (
				A5B7BA9B156CB20F00B7422F /* Capture.bundle */,
				A5B7BA7F156CB20F00B7422F /* en.lproj */,
				A5B7BA83156CB20F00B7422F /* es.lproj */,
				A5B7BA87156CB20F00B7422F /* de.lproj */,
				A5B7BA8B156CB20F00B7422F /* se.lproj */,
				A5B7BA8F156CB20F00B7422F /* icons */,
				A5B7BA96156CB20F00B7422F /* splash */,
			);
			name = Resources;
			sourceTree = "<group>";
		};
		A5B7BA7F156CB20F00B7422F /* en.lproj */ = {
			isa = PBXGroup;
			children = (
				A5B7BA80156CB20F00B7422F /* Localizable.strings */,
			);
			name = en.lproj;
			sourceTree = "<group>";
		};
		A5B7BA83156CB20F00B7422F /* es.lproj */ = {
			isa = PBXGroup;
			children = (
				A5B7BA84156CB20F00B7422F /* Localizable.strings */,
			);
			name = es.lproj;
			sourceTree = "<group>";
		};
		A5B7BA87156CB20F00B7422F /* de.lproj */ = {
			isa = PBXGroup;
			children = (
				A5B7BA88156CB20F00B7422F /* Localizable.strings */,
			);
			name = de.lproj;
			sourceTree = "<group>";
		};
		A5B7BA8B156CB20F00B7422F /* se.lproj */ = {
			isa = PBXGroup;
			children = (
				A5B7BA8C156CB20F00B7422F /* Localizable.strings */,
			);
			name = se.lproj;
			sourceTree = "<group>";
		};
		A5B7BA8F156CB20F00B7422F /* icons */ = {
			isa = PBXGroup;
			children = (
				A5B7BA90156CB20F00B7422F /* icon.png */,
				A5B7BA92156CB20F00B7422F /* icon@2x.png */,
				A5B7BA94156CB20F00B7422F /* icon-72.png */,
			);
			name = icons;
			sourceTree = "<group>";
		};
		A5B7BA96156CB20F00B7422F /* splash */ = {
			isa = PBXGroup;
			children = (
				A5B7BA97156CB20F00B7422F /* Default~iphone.png */,
				A5B7BA99156CB20F00B7422F /* Default@2x~iphone.png */,
			);
			name = splash;
			sourceTree = "<group>";
		};
		A5B7BA9F156CB20F00B7422F /* Classes */ = {
			isa = PBXGroup;
			children = (
				A5B7BAA0156CB20F00B7422F /* AppDelegate.h */,
				A5B7BAA1156CB20F00B7422F /* AppDelegate.m */,
				A5B7BAA3156CB20F00B7422F /* MainViewController.h */,
				A5B7BAA4156CB20F00B7422F /* MainViewController.m */,
			);
			name = Classes;
			sourceTree = "<group>";
		};
		A5B7BAA8156CB20F00B7422F /* Plugins */ = {
			isa = PBXGroup;
			children = (
				A5B7BAA9156CB20F00B7422F /* README */,
			);
			name = Plugins;
			sourceTree = "<group>";
		};
/* End PBXGroup section */

/* Begin PBXNativeTarget section */
		A5B7BA54156CB20F00B7422F /* InfinitiAppV2 */ = {
			isa = PBXNativeTarget;
			buildConfigurationList = A5B7BAAE156CB20F00B7422F /* Build configuration list for PBXNativeTarget "InfinitiAppV2" */;
			buildPhases = (
				A5B7BA4E156CB20F00B7422F /* Sources */,
				A5B7BA4F156CB20F00B7422F /* Frameworks */,
				A5B7BA50156CB20F00B7422F /* Resources */,
				A5B7BA51156CB20F00B7422F /* Sources */,
				A5B7BA52156CB20F00B7422F /* Frameworks */,
				A5B7BA53156CB20F00B7422F /* ShellScript */,
			);
			buildRules = (
			);
			dependencies = (
			);
			name = InfinitiAppV2;
			productName = InfinitiAppV2;
			productReference = A5B7BA55156CB20F00B7422F /* InfinitiAppV2.app */;
			productType = "com.apple.product-type.application";
		};
/* End PBXNativeTarget section */

/* Begin PBXProject section */
		A5B7BA49156CB20E00B7422F /* Project object */ = {
			isa = PBXProject;
			attributes = {
				LastUpgradeCheck = 0430;
				ORGANIZATIONNAME = Kandan;
			};
			buildConfigurationList = A5B7BA4C156CB20E00B7422F /* Build configuration list for PBXProject "InfinitiAppV2" */;
			compatibilityVersion = "Xcode 3.2";
			developmentRegion = English;
			hasScannedForEncodings = 0;
			knownRegions = (
				en,
				es,
				de,
				se,
			);
			mainGroup = A5B7BA47156CB20E00B7422F;
			productRefGroup = A5B7BA56156CB20F00B7422F /* Products */;
			projectDirPath = "";
			projectRoot = "";
			targets = (
				A5B7BA54156CB20F00B7422F /* InfinitiAppV2 */,
			);
		};
/* End PBXProject section */

/* Begin PBXResourcesBuildPhase section */
		A5B7BA50156CB20F00B7422F /* Resources */ = {
			isa = PBXResourcesBuildPhase;
			buildActionMask = 2147483647;
			files = (
				A5B7BA78156CB20F00B7422F /* InfoPlist.strings in Resources */,
				A5B7BA82156CB20F00B7422F /* Localizable.strings in Resources */,
				A5B7BA86156CB20F00B7422F /* Localizable.strings in Resources */,
				A5B7BA8A156CB20F00B7422F /* Localizable.strings in Resources */,
				A5B7BA8E156CB20F00B7422F /* Localizable.strings in Resources */,
				A5B7BA91156CB20F00B7422F /* icon.png in Resources */,
				A5B7BA93156CB20F00B7422F /* icon@2x.png in Resources */,
				A5B7BA95156CB20F00B7422F /* icon-72.png in Resources */,
				A5B7BA98156CB20F00B7422F /* Default~iphone.png in Resources */,
				A5B7BA9A156CB20F00B7422F /* Default@2x~iphone.png in Resources */,
				A5B7BA9C156CB20F00B7422F /* Capture.bundle in Resources */,
				A5B7BA9E156CB20F00B7422F /* Cordova.plist in Resources */,
				A5B7BAA7156CB20F00B7422F /* MainViewController.xib in Resources */,
				A5B7BAAB156CB20F00B7422F /* verify.sh in Resources */,
			);
			runOnlyForDeploymentPostprocessing = 0;
		};
/* End PBXResourcesBuildPhase section */

/* Begin PBXShellScriptBuildPhase section */
		A5B7BA53156CB20F00B7422F /* ShellScript */ = {
			isa = PBXShellScriptBuildPhase;
			buildActionMask = 2147483647;
			files = (
			);
			inputPaths = (
			);
			outputPaths = (
			);
			runOnlyForDeploymentPostprocessing = 0;
			shellPath = /bin/bash;
			shellScript = "\n\t\t\t\t\t\t\t\tchmod 755 \"$PROJECT_DIR/$PROJECT_NAME/verify.sh\"\n\t\t\t\t\t\t\t\t\"$PROJECT_DIR/$PROJECT_NAME/verify.sh\"\n\t\t\t\t\t";
		};
/* End PBXShellScriptBuildPhase section */

/* Begin PBXSourcesBuildPhase section */
		A5B7BA4E156CB20F00B7422F /* Sources */ = {
			isa = PBXSourcesBuildPhase;
			buildActionMask = 2147483647;
			files = (
				A5B7BA7A156CB20F00B7422F /* main.m in Sources */,
				A5B7BAA2156CB20F00B7422F /* AppDelegate.m in Sources */,
				A5B7BAA5156CB20F00B7422F /* MainViewController.m in Sources */,
			);
			runOnlyForDeploymentPostprocessing = 0;
		};
		A5B7BA51156CB20F00B7422F /* Sources */ = {
			isa = PBXSourcesBuildPhase;
			buildActionMask = 2147483647;
			files = (
			);
			runOnlyForDeploymentPostprocessing = 0;
		};
/* End PBXSourcesBuildPhase section */

/* Begin PBXVariantGroup section */
		A5B7BA76156CB20F00B7422F /* InfoPlist.strings */ = {
			isa = PBXVariantGroup;
			children = (
				A5B7BA77156CB20F00B7422F /* en */,
			);
			name = InfoPlist.strings;
			sourceTree = "<group>";
		};
		A5B7BA80156CB20F00B7422F /* Localizable.strings */ = {
			isa = PBXVariantGroup;
			children = (
				A5B7BA81156CB20F00B7422F /* en */,
			);
			name = Localizable.strings;
			sourceTree = "<group>";
		};
		A5B7BA84156CB20F00B7422F /* Localizable.strings */ = {
			isa = PBXVariantGroup;
			children = (
				A5B7BA85156CB20F00B7422F /* es */,
			);
			name = Localizable.strings;
			sourceTree = "<group>";
		};
		A5B7BA88156CB20F00B7422F /* Localizable.strings */ = {
			isa = PBXVariantGroup;
			children = (
				A5B7BA89156CB20F00B7422F /* de */,
			);
			name = Localizable.strings;
			sourceTree = "<group>";
		};
		A5B7BA8C156CB20F00B7422F /* Localizable.strings */ = {
			isa = PBXVariantGroup;
			children = (
				A5B7BA8D156CB20F00B7422F /* se */,
			);
			name = Localizable.strings;
			sourceTree = "<group>";
		};
/* End PBXVariantGroup section */

/* Begin XCBuildConfiguration section */
		A5B7BAAC156CB20F00B7422F /* Debug */ = {
			isa = XCBuildConfiguration;
			buildSettings = {
				ALWAYS_SEARCH_USER_PATHS = NO;
				ARCHS = (
					armv6,
					"$(ARCHS_STANDARD_32_BIT)",
				);
				"CODE_SIGN_IDENTITY[sdk=iphoneos*]" = "iPhone Developer";
				COPY_PHASE_STRIP = NO;
				GCC_C_LANGUAGE_STANDARD = gnu99;
				GCC_DYNAMIC_NO_PIC = NO;
				GCC_OPTIMIZATION_LEVEL = 0;
				GCC_PREPROCESSOR_DEFINITIONS = (
					"DEBUG=1",
					"$(inherited)",
				);
				GCC_SYMBOLS_PRIVATE_EXTERN = NO;
				GCC_VERSION = com.apple.compilers.llvm.clang.1_0;
				GCC_WARN_ABOUT_RETURN_TYPE = YES;
				GCC_WARN_UNINITIALIZED_AUTOS = YES;
				GCC_WARN_UNUSED_VARIABLE = YES;
				IPHONEOS_DEPLOYMENT_TARGET = 3.0;
				SDKROOT = iphoneos;
			};
			name = Debug;
		};
		A5B7BAAD156CB20F00B7422F /* Release */ = {
			isa = XCBuildConfiguration;
			buildSettings = {
				ALWAYS_SEARCH_USER_PATHS = NO;
				ARCHS = (
					armv6,
					"$(ARCHS_STANDARD_32_BIT)",
				);
				"CODE_SIGN_IDENTITY[sdk=iphoneos*]" = "iPhone Developer";
				COPY_PHASE_STRIP = YES;
				GCC_C_LANGUAGE_STANDARD = gnu99;
				GCC_VERSION = com.apple.compilers.llvm.clang.1_0;
				GCC_WARN_ABOUT_RETURN_TYPE = YES;
				GCC_WARN_UNINITIALIZED_AUTOS = YES;
				GCC_WARN_UNUSED_VARIABLE = YES;
				IPHONEOS_DEPLOYMENT_TARGET = 3.0;
				SDKROOT = iphoneos;
				VALIDATE_PRODUCT = YES;
			};
			name = Release;
		};
		A5B7BAAF156CB20F00B7422F /* Debug */ = {
			isa = XCBuildConfiguration;
			buildSettings = {
				ALWAYS_SEARCH_USER_PATHS = YES;
				COPY_PHASE_STRIP = NO;
				FRAMEWORK_SEARCH_PATHS = /Users/Shared/Cordova/Frameworks;
				GCC_DYNAMIC_NO_PIC = NO;
				GCC_PRECOMPILE_PREFIX_HEADER = YES;
				GCC_PREFIX_HEADER = "InfinitiAppV2/InfinitiAppV2-Prefix.pch";
				GCC_PREPROCESSOR_DEFINITIONS = (
					"DEBUG=1,",
					"CORDOVA_FRAMEWORK=1",
				);
				INFOPLIST_FILE = "InfinitiAppV2/InfinitiAppV2-Info.plist";
				OTHER_LDFLAGS = (
					"-weak_framework",
					UIKit,
					"-weak_framework",
					AVFoundation,
					"-weak_framework",
					CoreMedia,
					"-weak_library",
					/usr/lib/libSystem.B.dylib,
				);
				PRODUCT_NAME = "$(TARGET_NAME)";
				TARGETED_DEVICE_FAMILY = 2;
				WRAPPER_EXTENSION = app;
			};
			name = Debug;
		};
		A5B7BAB0156CB20F00B7422F /* Release */ = {
			isa = XCBuildConfiguration;
			buildSettings = {
				ALWAYS_SEARCH_USER_PATHS = YES;
				COPY_PHASE_STRIP = YES;
				DEBUG_INFORMATION_FORMAT = "dwarf-with-dsym";
				FRAMEWORK_SEARCH_PATHS = /Users/Shared/Cordova/Frameworks;
				GCC_PRECOMPILE_PREFIX_HEADER = YES;
				GCC_PREFIX_HEADER = "InfinitiAppV2/InfinitiAppV2-Prefix.pch";
				GCC_PREPROCESSOR_DEFINITIONS = (
					"NDEBUG=1,",
					"CORDOVA_FRAMEWORK=1",
				);
				INFOPLIST_FILE = "InfinitiAppV2/InfinitiAppV2-Info.plist";
				OTHER_LDFLAGS = (
					"-weak_framework",
					UIKit,
					"-weak_framework",
					AVFoundation,
					"-weak_framework",
					CoreMedia,
					"-weak_library",
					/usr/lib/libSystem.B.dylib,
				);
				PRODUCT_NAME = "$(TARGET_NAME)";
				TARGETED_DEVICE_FAMILY = 2;
				VALIDATE_PRODUCT = YES;
				WRAPPER_EXTENSION = app;
			};
			name = Release;
		};
/* End XCBuildConfiguration section */

/* Begin XCConfigurationList section */
		A5B7BA4C156CB20E00B7422F /* Build configuration list for PBXProject "InfinitiAppV2" */ = {
			isa = XCConfigurationList;
			buildConfigurations = (
				A5B7BAAC156CB20F00B7422F /* Debug */,
				A5B7BAAD156CB20F00B7422F /* Release */,
			);
			defaultConfigurationIsVisible = 0;
			defaultConfigurationName = Release;
		};
		A5B7BAAE156CB20F00B7422F /* Build configuration list for PBXNativeTarget "InfinitiAppV2" */ = {
			isa = XCConfigurationList;
			buildConfigurations = (
				A5B7BAAF156CB20F00B7422F /* Debug */,
				A5B7BAB0156CB20F00B7422F /* Release */,
			);
			defaultConfigurationIsVisible = 0;
			defaultConfigurationName = Release;
		};
/* End XCConfigurationList section */
	};
	rootObject = A5B7BA49156CB20E00B7422F /* Project object */;
}
